
Microsoft Visual Studio Solution File, Format Version 12.00
# Visual Studio Version 16
VisualStudioVersion = 16.0.28803.156
MinimumVisualStudioVersion = 10.0.40219.1
Project("{FAE04EC0-301F-11D3-BF4B-00C04F79EFBC}") = "CloudStreamConsole", "CloudStreamConsole\CloudStreamConsole.csproj", "{3A20C0BD-05DF-4AF0-B9AE-BB675C32101E}"
EndProject
Global
	GlobalSection(SolutionConfigurationPlatforms) = preSolution
		Debug|Any CPU = Debug|Any CPU
		Release|Any CPU = Release|Any CPU
	EndGlobalSection
	GlobalSection(ProjectConfigurationPlatforms) = postSolution
		{3A20C0BD-05DF-4AF0-B9AE-BB675C32101E}.Debug|Any CPU.ActiveCfg = Debug|Any CPU
		{3A20C0BD-05DF-4AF0-B9AE-BB675C32101E}.Debug|Any CPU.Build.0 = Debug|Any CPU
		{3A20C0BD-05DF-4AF0-B9AE-BB675C32101E}.Release|Any CPU.ActiveCfg = Release|Any CPU
		{3A20C0BD-05DF-4AF0-B9AE-BB675C32101E}.Release|Any CPU.Build.0 = Release|Any CPU
	EndGlobalSection
	GlobalSection(SolutionProperties) = preSolution
		HideSolutionNode = FALSE
	EndGlobalSection
	GlobalSection(ExtensibilityGlobals) = postSolution
		SolutionGuid = {D8B8571B-05E2-42B6-8DF0-03B958DAE981}
	EndGlobalSection
EndGlobal
